// !$*UTF8*$!
{
	archiveVersion = 1;
	classes = {
	};
	objectVersion = 56;
	objects = {

/* Begin PBXBuildFile section */
		2D3DA0C62B9BFB3100C1AA08 /* ShamRock_itApp.swift in Sources */ = {isa = PBXBuildFile; fileRef = 2D3DA0C52B9BFB3100C1AA08 /* ShamRock_itApp.swift */; };
		2D3DA0C82B9BFB3100C1AA08 /* ContentView.swift in Sources */ = {isa = PBXBuildFile; fileRef = 2D3DA0C72B9BFB3100C1AA08 /* ContentView.swift */; };
		2D3DA0CA2B9BFB3400C1AA08 /* Assets.xcassets in Resources */ = {isa = PBXBuildFile; fileRef = 2D3DA0C92B9BFB3400C1AA08 /* Assets.xcassets */; };
		2D3DA0CD2B9BFB3400C1AA08 /* Preview Assets.xcassets in Resources */ = {isa = PBXBuildFile; fileRef = 2D3DA0CC2B9BFB3400C1AA08 /* Preview Assets.xcassets */; };
		2D3DA0D72B9BFB3500C1AA08 /* ShamRock_itTests.swift in Sources */ = {isa = PBXBuildFile; fileRef = 2D3DA0D62B9BFB3500C1AA08 /* ShamRock_itTests.swift */; };
		2D3DA0E12B9BFB3500C1AA08 /* ShamRock_itUITests.swift in Sources */ = {isa = PBXBuildFile; fileRef = 2D3DA0E02B9BFB3500C1AA08 /* ShamRock_itUITests.swift */; };
		2D3DA0E32B9BFB3500C1AA08 /* ShamRock_itUITestsLaunchTests.swift in Sources */ = {isa = PBXBuildFile; fileRef = 2D3DA0E22B9BFB3500C1AA08 /* ShamRock_itUITestsLaunchTests.swift */; };
/* End PBXBuildFile section */

/* Begin PBXContainerItemProxy section */
		2D3DA0D32B9BFB3500C1AA08 /* PBXContainerItemProxy */ = {
			isa = PBXContainerItemProxy;
			containerPortal = 2D3DA0BA2B9BFB3100C1AA08 /* Project object */;
			proxyType = 1;
			remoteGlobalIDString = 2D3DA0C12B9BFB3100C1AA08;
			remoteInfo = "ShamRock-it";
		};
		2D3DA0DD2B9BFB3500C1AA08 /* PBXContainerItemProxy */ = {
			isa = PBXContainerItemProxy;
			containerPortal = 2D3DA0BA2B9BFB3100C1AA08 /* Project object */;
			proxyType = 1;
			remoteGlobalIDString = 2D3DA0C12B9BFB3100C1AA08;
			remoteInfo = "ShamRock-it";
		};
/* End PBXContainerItemProxy section */

/* Begin PBXFileReference section */
		2D3DA0C22B9BFB3100C1AA08 /* ShamRock-it.app */ = {isa = PBXFileReference; explicitFileType = wrapper.application; includeInIndex = 0; path = "ShamRock-it.app"; sourceTree = BUILT_PRODUCTS_DIR; };
		2D3DA0C52B9BFB3100C1AA08 /* ShamRock_itApp.swift */ = {isa = PBXFileReference; lastKnownFileType = sourcecode.swift; path = ShamRock_itApp.swift; sourceTree = "<group>"; };
		2D3DA0C72B9BFB3100C1AA08 /* ContentView.swift */ = {isa = PBXFileReference; lastKnownFileType = sourcecode.swift; path = ContentView.swift; sourceTree = "<group>"; };
		2D3DA0C92B9BFB3400C1AA08 /* Assets.xcassets */ = {isa = PBXFileReference; lastKnownFileType = folder.assetcatalog; path = Assets.xcassets; sourceTree = "<group>"; };
		2D3DA0CC2B9BFB3400C1AA08 /* Preview Assets.xcassets */ = {isa = PBXFileReference; lastKnownFileType = folder.assetcatalog; path = "Preview Assets.xcassets"; sourceTree = "<group>"; };
		2D3DA0D22B9BFB3500C1AA08 /* ShamRock-itTests.xctest */ = {isa = PBXFileReference; explicitFileType = wrapper.cfbundle; includeInIndex = 0; path = "ShamRock-itTests.xctest"; sourceTree = BUILT_PRODUCTS_DIR; };
		2D3DA0D62B9BFB3500C1AA08 /* ShamRock_itTests.swift */ = {isa = PBXFileReference; lastKnownFileType = sourcecode.swift; path = ShamRock_itTests.swift; sourceTree = "<group>"; };
		2D3DA0DC2B9BFB3500C1AA08 /* ShamRock-itUITests.xctest */ = {isa = PBXFileReference; explicitFileType = wrapper.cfbundle; includeInIndex = 0; path = "ShamRock-itUITests.xctest"; sourceTree = BUILT_PRODUCTS_DIR; };
		2D3DA0E02B9BFB3500C1AA08 /* ShamRock_itUITests.swift */ = {isa = PBXFileReference; lastKnownFileType = sourcecode.swift; path = ShamRock_itUITests.swift; sourceTree = "<group>"; };
		2D3DA0E22B9BFB3500C1AA08 /* ShamRock_itUITestsLaunchTests.swift */ = {isa = PBXFileReference; lastKnownFileType = sourcecode.swift; path = ShamRock_itUITestsLaunchTests.swift; sourceTree = "<group>"; };
/* End PBXFileReference section */

/* Begin PBXFrameworksBuildPhase section */
		2D3DA0BF2B9BFB3100C1AA08 /* Frameworks */ = {
			isa = PBXFrameworksBuildPhase;
			buildActionMask = 2147483647;
			files = (
			);
			runOnlyForDeploymentPostprocessing = 0;
		};
		2D3DA0CF2B9BFB3500C1AA08 /* Frameworks */ = {
			isa = PBXFrameworksBuildPhase;
			buildActionMask = 2147483647;
			files = (
			);
			runOnlyForDeploymentPostprocessing = 0;
		};
		2D3DA0D92B9BFB3500C1AA08 /* Frameworks */ = {
			isa = PBXFrameworksBuildPhase;
			buildActionMask = 2147483647;
			files = (
			);
			runOnlyForDeploymentPostprocessing = 0;
		};
/* End PBXFrameworksBuildPhase section */

/* Begin PBXGroup section */
		2D3DA0B92B9BFB3100C1AA08 = {
			isa = PBXGroup;
			children = (
				2D3DA0C42B9BFB3100C1AA08 /* ShamRock-it */,
				2D3DA0D52B9BFB3500C1AA08 /* ShamRock-itTests */,
				2D3DA0DF2B9BFB3500C1AA08 /* ShamRock-itUITests */,
				2D3DA0C32B9BFB3100C1AA08 /* Products */,
			);
			sourceTree = "<group>";
		};
		2D3DA0C32B9BFB3100C1AA08 /* Products */ = {
			isa = PBXGroup;
			children = (
				2D3DA0C22B9BFB3100C1AA08 /* ShamRock-it.app */,
				2D3DA0D22B9BFB3500C1AA08 /* ShamRock-itTests.xctest */,
				2D3DA0DC2B9BFB3500C1AA08 /* ShamRock-itUITests.xctest */,
			);
			name = Products;
			sourceTree = "<group>";
		};
		2D3DA0C42B9BFB3100C1AA08 /* ShamRock-it */ = {
			isa = PBXGroup;
			children = (
				2D3DA0C52B9BFB3100C1AA08 /* ShamRock_itApp.swift */,
				2D3DA0C72B9BFB3100C1AA08 /* ContentView.swift */,
				2D3DA0C92B9BFB3400C1AA08 /* Assets.xcassets */,
				2D3DA0CB2B9BFB3400C1AA08 /* Preview Content */,
			);
			path = "ShamRock-it";
			sourceTree = "<group>";
		};
		2D3DA0CB2B9BFB3400C1AA08 /* Preview Content */ = {
			isa = PBXGroup;
			children = (
				2D3DA0CC2B9BFB3400C1AA08 /* Preview Assets.xcassets */,
			);
			path = "Preview Content";
			sourceTree = "<group>";
		};
		2D3DA0D52B9BFB3500C1AA08 /* ShamRock-itTests */ = {
			isa = PBXGroup;
			children = (
				2D3DA0D62B9BFB3500C1AA08 /* ShamRock_itTests.swift */,
			);
			path = "ShamRock-itTests";
			sourceTree = "<group>";
		};
		2D3DA0DF2B9BFB3500C1AA08 /* ShamRock-itUITests */ = {
			isa = PBXGroup;
			children = (
				2D3DA0E02B9BFB3500C1AA08 /* ShamRock_itUITests.swift */,
				2D3DA0E22B9BFB3500C1AA08 /* ShamRock_itUITestsLaunchTests.swift */,
			);
			path = "ShamRock-itUITests";
			sourceTree = "<group>";
		};
/* End PBXGroup section */

/* Begin PBXNativeTarget section */
		2D3DA0C12B9BFB3100C1AA08 /* ShamRock-it */ = {
			isa = PBXNativeTarget;
			buildConfigurationList = 2D3DA0E62B9BFB3500C1AA08 /* Build configuration list for PBXNativeTarget "ShamRock-it" */;
			buildPhases = (
				2D3DA0BE2B9BFB3100C1AA08 /* Sources */,
				2D3DA0BF2B9BFB3100C1AA08 /* Frameworks */,
				2D3DA0C02B9BFB3100C1AA08 /* Resources */,
			);
			buildRules = (
			);
			dependencies = (
			);
			name = "ShamRock-it";
			productName = "ShamRock-it";
			productReference = 2D3DA0C22B9BFB3100C1AA08 /* ShamRock-it.app */;
			productType = "com.apple.product-type.application";
		};
		2D3DA0D12B9BFB3500C1AA08 /* ShamRock-itTests */ = {
			isa = PBXNativeTarget;
			buildConfigurationList = 2D3DA0E92B9BFB3500C1AA08 /* Build configuration list for PBXNativeTarget "ShamRock-itTests" */;
			buildPhases = (
				2D3DA0CE2B9BFB3500C1AA08 /* Sources */,
				2D3DA0CF2B9BFB3500C1AA08 /* Frameworks */,
				2D3DA0D02B9BFB3500C1AA08 /* Resources */,
			);
			buildRules = (
			);
			dependencies = (
				2D3DA0D42B9BFB3500C1AA08 /* PBXTargetDependency */,
			);
			name = "ShamRock-itTests";
			productName = "ShamRock-itTests";
			productReference = 2D3DA0D22B9BFB3500C1AA08 /* ShamRock-itTests.xctest */;
			productType = "com.apple.product-type.bundle.unit-test";
		};
		2D3DA0DB2B9BFB3500C1AA08 /* ShamRock-itUITests */ = {
			isa = PBXNativeTarget;
			buildConfigurationList = 2D3DA0EC2B9BFB3500C1AA08 /* Build configuration list for PBXNativeTarget "ShamRock-itUITests" */;
			buildPhases = (
				2D3DA0D82B9BFB3500C1AA08 /* Sources */,
				2D3DA0D92B9BFB3500C1AA08 /* Frameworks */,
				2D3DA0DA2B9BFB3500C1AA08 /* Resources */,
			);
			buildRules = (
			);
			dependencies = (
				2D3DA0DE2B9BFB3500C1AA08 /* PBXTargetDependency */,
			);
			name = "ShamRock-itUITests";
			productName = "ShamRock-itUITests";
			productReference = 2D3DA0DC2B9BFB3500C1AA08 /* ShamRock-itUITests.xctest */;
			productType = "com.apple.product-type.bundle.ui-testing";
		};
/* End PBXNativeTarget section */

/* Begin PBXProject section */
		2D3DA0BA2B9BFB3100C1AA08 /* Project object */ = {
			isa = PBXProject;
			attributes = {
				BuildIndependentTargetsInParallel = 1;
				LastSwiftUpdateCheck = 1520;
				LastUpgradeCheck = 1520;
				TargetAttributes = {
					2D3DA0C12B9BFB3100C1AA08 = {
						CreatedOnToolsVersion = 15.2;
					};
					2D3DA0D12B9BFB3500C1AA08 = {
						CreatedOnToolsVersion = 15.2;
						TestTargetID = 2D3DA0C12B9BFB3100C1AA08;
					};
					2D3DA0DB2B9BFB3500C1AA08 = {
						CreatedOnToolsVersion = 15.2;
						TestTargetID = 2D3DA0C12B9BFB3100C1AA08;
					};
				};
			};
			buildConfigurationList = 2D3DA0BD2B9BFB3100C1AA08 /* Build configuration list for PBXProject "ShamRock-it" */;
			compatibilityVersion = "Xcode 14.0";
			developmentRegion = en;
			hasScannedForEncodings = 0;
			knownRegions = (
				en,
				Base,
			);
			mainGroup = 2D3DA0B92B9BFB3100C1AA08;
			productRefGroup = 2D3DA0C32B9BFB3100C1AA08 /* Products */;
			projectDirPath = "";
			projectRoot = "";
			targets = (
				2D3DA0C12B9BFB3100C1AA08 /* ShamRock-it */,
				2D3DA0D12B9BFB3500C1AA08 /* ShamRock-itTests */,
				2D3DA0DB2B9BFB3500C1AA08 /* ShamRock-itUITests */,
			);
		};
/* End PBXProject section */

/* Begin PBXResourcesBuildPhase section */
		2D3DA0C02B9BFB3100C1AA08 /* Resources */ = {
			isa = PBXResourcesBuildPhase;
			buildActionMask = 2147483647;
			files = (
				2D3DA0CD2B9BFB3400C1AA08 /* Preview Assets.xcassets in Resources */,
				2D3DA0CA2B9BFB3400C1AA08 /* Assets.xcassets in Resources */,
			);
			runOnlyForDeploymentPostprocessing = 0;
		};
		2D3DA0D02B9BFB3500C1AA08 /* Resources */ = {
			isa = PBXResourcesBuildPhase;
			buildActionMask = 2147483647;
			files = (
			);
			runOnlyForDeploymentPostprocessing = 0;
		};
		2D3DA0DA2B9BFB3500C1AA08 /* Resources */ = {
			isa = PBXResourcesBuildPhase;
			buildActionMask = 2147483647;
			files = (
			);
			runOnlyForDeploymentPostprocessing = 0;
		};
/* End PBXResourcesBuildPhase section */

/* Begin PBXSourcesBuildPhase section */
		2D3DA0BE2B9BFB3100C1AA08 /* Sources */ = {
			isa = PBXSourcesBuildPhase;
			buildActionMask = 2147483647;
			files = (
				2D3DA0C82B9BFB3100C1AA08 /* ContentView.swift in Sources */,
				2D3DA0C62B9BFB3100C1AA08 /* ShamRock_itApp.swift in Sources */,
			);
			runOnlyForDeploymentPostprocessing = 0;
		};
		2D3DA0CE2B9BFB3500C1AA08 /* Sources */ = {
			isa = PBXSourcesBuildPhase;
			buildActionMask = 2147483647;
			files = (
				2D3DA0D72B9BFB3500C1AA08 /* ShamRock_itTests.swift in Sources */,
			);
			runOnlyForDeploymentPostprocessing = 0;
		};
		2D3DA0D82B9BFB3500C1AA08 /* Sources */ = {
			isa = PBXSourcesBuildPhase;
			buildActionMask = 2147483647;
			files = (
				2D3DA0E12B9BFB3500C1AA08 /* ShamRock_itUITests.swift in Sources */,
				2D3DA0E32B9BFB3500C1AA08 /* ShamRock_itUITestsLaunchTests.swift in Sources */,
			);
			runOnlyForDeploymentPostprocessing = 0;
		};
/* End PBXSourcesBuildPhase section */

/* Begin PBXTargetDependency section */
		2D3DA0D42B9BFB3500C1AA08 /* PBXTargetDependency */ = {
			isa = PBXTargetDependency;
			target = 2D3DA0C12B9BFB3100C1AA08 /* ShamRock-it */;
			targetProxy = 2D3DA0D32B9BFB3500C1AA08 /* PBXContainerItemProxy */;
		};
		2D3DA0DE2B9BFB3500C1AA08 /* PBXTargetDependency */ = {
			isa = PBXTargetDependency;
			target = 2D3DA0C12B9BFB3100C1AA08 /* ShamRock-it */;
			targetProxy = 2D3DA0DD2B9BFB3500C1AA08 /* PBXContainerItemProxy */;
		};
/* End PBXTargetDependency section */

/* Begin XCBuildConfiguration section */
		2D3DA0E42B9BFB3500C1AA08 /* Debug */ = {
			isa = XCBuildConfiguration;
			buildSettings = {
				ALWAYS_SEARCH_USER_PATHS = NO;
				ASSETCATALOG_COMPILER_GENERATE_SWIFT_ASSET_SYMBOL_EXTENSIONS = YES;
				CLANG_ANALYZER_NONNULL = YES;
				CLANG_ANALYZER_NUMBER_OBJECT_CONVERSION = YES_AGGRESSIVE;
				CLANG_CXX_LANGUAGE_STANDARD = "gnu++20";
				CLANG_ENABLE_MODULES = YES;
				CLANG_ENABLE_OBJC_ARC = YES;
				CLANG_ENABLE_OBJC_WEAK = YES;
				CLANG_WARN_BLOCK_CAPTURE_AUTORELEASING = YES;
				CLANG_WARN_BOOL_CONVERSION = YES;
				CLANG_WARN_COMMA = YES;
				CLANG_WARN_CONSTANT_CONVERSION = YES;
				CLANG_WARN_DEPRECATED_OBJC_IMPLEMENTATIONS = YES;
				CLANG_WARN_DIRECT_OBJC_ISA_USAGE = YES_ERROR;
				CLANG_WARN_DOCUMENTATION_COMMENTS = YES;
				CLANG_WARN_EMPTY_BODY = YES;
				CLANG_WARN_ENUM_CONVERSION = YES;
				CLANG_WARN_INFINITE_RECURSION = YES;
				CLANG_WARN_INT_CONVERSION = YES;
				CLANG_WARN_NON_LITERAL_NULL_CONVERSION = YES;
				CLANG_WARN_OBJC_IMPLICIT_RETAIN_SELF = YES;
				CLANG_WARN_OBJC_LITERAL_CONVERSION = YES;
				CLANG_WARN_OBJC_ROOT_CLASS = YES_ERROR;
				CLANG_WARN_QUOTED_INCLUDE_IN_FRAMEWORK_HEADER = YES;
				CLANG_WARN_RANGE_LOOP_ANALYSIS = YES;
				CLANG_WARN_STRICT_PROTOTYPES = YES;
				CLANG_WARN_SUSPICIOUS_MOVE = YES;
				CLANG_WARN_UNGUARDED_AVAILABILITY = YES_AGGRESSIVE;
				CLANG_WARN_UNREACHABLE_CODE = YES;
				CLANG_WARN__DUPLICATE_METHOD_MATCH = YES;
				COPY_PHASE_STRIP = NO;
				DEBUG_INFORMATION_FORMAT = dwarf;
				ENABLE_STRICT_OBJC_MSGSEND = YES;
				ENABLE_TESTABILITY = YES;
				ENABLE_USER_SCRIPT_SANDBOXING = YES;
				GCC_C_LANGUAGE_STANDARD = gnu17;
				GCC_DYNAMIC_NO_PIC = NO;
				GCC_NO_COMMON_BLOCKS = YES;
				GCC_OPTIMIZATION_LEVEL = 0;
				GCC_PREPROCESSOR_DEFINITIONS = (
					"DEBUG=1",
					"$(inherited)",
				);
				GCC_WARN_64_TO_32_BIT_CONVERSION = YES;
				GCC_WARN_ABOUT_RETURN_TYPE = YES_ERROR;
				GCC_WARN_UNDECLARED_SELECTOR = YES;
				GCC_WARN_UNINITIALIZED_AUTOS = YES_AGGRESSIVE;
				GCC_WARN_UNUSED_FUNCTION = YES;
				GCC_WARN_UNUSED_VARIABLE = YES;
				IPHONEOS_DEPLOYMENT_TARGET = 17.2;
				LOCALIZATION_PREFERS_STRING_CATALOGS = YES;
				MTL_ENABLE_DEBUG_INFO = INCLUDE_SOURCE;
				MTL_FAST_MATH = YES;
				ONLY_ACTIVE_ARCH = YES;
				SDKROOT = iphoneos;
				SWIFT_ACTIVE_COMPILATION_CONDITIONS = "DEBUG $(inherited)";
				SWIFT_OPTIMIZATION_LEVEL = "-Onone";
			};
			name = Debug;
		};
		2D3DA0E52B9BFB3500C1AA08 /* Release */ = {
			isa = XCBuildConfiguration;
			buildSettings = {
				ALWAYS_SEARCH_USER_PATHS = NO;
				ASSETCATALOG_COMPILER_GENERATE_SWIFT_ASSET_SYMBOL_EXTENSIONS = YES;
				CLANG_ANALYZER_NONNULL = YES;
				CLANG_ANALYZER_NUMBER_OBJECT_CONVERSION = YES_AGGRESSIVE;
				CLANG_CXX_LANGUAGE_STANDARD = "gnu++20";
				CLANG_ENABLE_MODULES = YES;
				CLANG_ENABLE_OBJC_ARC = YES;
				CLANG_ENABLE_OBJC_WEAK = YES;
				CLANG_WARN_BLOCK_CAPTURE_AUTORELEASING = YES;
				CLANG_WARN_BOOL_CONVERSION = YES;
				CLANG_WARN_COMMA = YES;
				CLANG_WARN_CONSTANT_CONVERSION = YES;
				CLANG_WARN_DEPRECATED_OBJC_IMPLEMENTATIONS = YES;
				CLANG_WARN_DIRECT_OBJC_ISA_USAGE = YES_ERROR;
				CLANG_WARN_DOCUMENTATION_COMMENTS = YES;
				CLANG_WARN_EMPTY_BODY = YES;
				CLANG_WARN_ENUM_CONVERSION = YES;
				CLANG_WARN_INFINITE_RECURSION = YES;
				CLANG_WARN_INT_CONVERSION = YES;
				CLANG_WARN_NON_LITERAL_NULL_CONVERSION = YES;
				CLANG_WARN_OBJC_IMPLICIT_RETAIN_SELF = YES;
				CLANG_WARN_OBJC_LITERAL_CONVERSION = YES;
				CLANG_WARN_OBJC_ROOT_CLASS = YES_ERROR;
				CLANG_WARN_QUOTED_INCLUDE_IN_FRAMEWORK_HEADER = YES;
				CLANG_WARN_RANGE_LOOP_ANALYSIS = YES;
				CLANG_WARN_STRICT_PROTOTYPES = YES;
				CLANG_WARN_SUSPICIOUS_MOVE = YES;
				CLANG_WARN_UNGUARDED_AVAILABILITY = YES_AGGRESSIVE;
				CLANG_WARN_UNREACHABLE_CODE = YES;
				CLANG_WARN__DUPLICATE_METHOD_MATCH = YES;
				COPY_PHASE_STRIP = NO;
				DEBUG_INFORMATION_FORMAT = "dwarf-with-dsym";
				ENABLE_NS_ASSERTIONS = NO;
				ENABLE_STRICT_OBJC_MSGSEND = YES;
				ENABLE_USER_SCRIPT_SANDBOXING = YES;
				GCC_C_LANGUAGE_STANDARD = gnu17;
				GCC_NO_COMMON_BLOCKS = YES;
				GCC_WARN_64_TO_32_BIT_CONVERSION = YES;
				GCC_WARN_ABOUT_RETURN_TYPE = YES_ERROR;
				GCC_WARN_UNDECLARED_SELECTOR = YES;
				GCC_WARN_UNINITIALIZED_AUTOS = YES_AGGRESSIVE;
				GCC_WARN_UNUSED_FUNCTION = YES;
				GCC_WARN_UNUSED_VARIABLE = YES;
				IPHONEOS_DEPLOYMENT_TARGET = 17.2;
				LOCALIZATION_PREFERS_STRING_CATALOGS = YES;
				MTL_ENABLE_DEBUG_INFO = NO;
				MTL_FAST_MATH = YES;
				SDKROOT = iphoneos;
				SWIFT_COMPILATION_MODE = wholemodule;
				VALIDATE_PRODUCT = YES;
			};
			name = Release;
		};
		2D3DA0E72B9BFB3500C1AA08 /* Debug */ = {
			isa = XCBuildConfiguration;
			buildSettings = {
				ASSETCATALOG_COMPILER_APPICON_NAME = AppIcon;
				ASSETCATALOG_COMPILER_GLOBAL_ACCENT_COLOR_NAME = AccentColor;
				CODE_SIGN_STYLE = Automatic;
				CURRENT_PROJECT_VERSION = 1;
				DEVELOPMENT_ASSET_PATHS = "\"ShamRock-it/Preview Content\"";
				DEVELOPMENT_TEAM = D6RQ448SYV;
				ENABLE_PREVIEWS = YES;
				GENERATE_INFOPLIST_FILE = YES;
				INFOPLIST_KEY_UIApplicationSceneManifest_Generation = YES;
				INFOPLIST_KEY_UIApplicationSupportsIndirectInputEvents = YES;
				INFOPLIST_KEY_UILaunchScreen_Generation = YES;
				INFOPLIST_KEY_UISupportedInterfaceOrientations_iPad = "UIInterfaceOrientationPortrait UIInterfaceOrientationPortraitUpsideDown UIInterfaceOrientationLandscapeLeft UIInterfaceOrientationLandscapeRight";
				INFOPLIST_KEY_UISupportedInterfaceOrientations_iPhone = "UIInterfaceOrientationPortrait UIInterfaceOrientationLandscapeLeft UIInterfaceOrientationLandscapeRight";
				LD_RUNPATH_SEARCH_PATHS = (
					"$(inherited)",
					"@executable_path/Frameworks",
				);
				MARKETING_VERSION = 1.0;
				PRODUCT_BUNDLE_IDENTIFIER = "com.dalewood.ShamRock-it";
				PRODUCT_NAME = "$(TARGET_NAME)";
				SWIFT_EMIT_LOC_STRINGS = YES;
				SWIFT_VERSION = 5.0;
				TARGETED_DEVICE_FAMILY = "1,2";
			};
			name = Debug;
		};
		2D3DA0E82B9BFB3500C1AA08 /* Release */ = {
			isa = XCBuildConfiguration;
			buildSettings = {
				ASSETCATALOG_COMPILER_APPICON_NAME = AppIcon;
				ASSETCATALOG_COMPILER_GLOBAL_ACCENT_COLOR_NAME = AccentColor;
				CODE_SIGN_STYLE = Automatic;
				CURRENT_PROJECT_VERSION = 1;
				DEVELOPMENT_ASSET_PATHS = "\"ShamRock-it/Preview Content\"";
				DEVELOPMENT_TEAM = D6RQ448SYV;
				ENABLE_PREVIEWS = YES;
				GENERATE_INFOPLIST_FILE = YES;
				INFOPLIST_KEY_UIApplicationSceneManifest_Generation = YES;
				INFOPLIST_KEY_UIApplicationSupportsIndirectInputEvents = YES;
				INFOPLIST_KEY_UILaunchScreen_Generation = YES;
				INFOPLIST_KEY_UISupportedInterfaceOrientations_iPad = "UIInterfaceOrientationPortrait UIInterfaceOrientationPortraitUpsideDown UIInterfaceOrientationLandscapeLeft UIInterfaceOrientationLandscapeRight";
				INFOPLIST_KEY_UISupportedInterfaceOrientations_iPhone = "UIInterfaceOrientationPortrait UIInterfaceOrientationLandscapeLeft UIInterfaceOrientationLandscapeRight";
				LD_RUNPATH_SEARCH_PATHS = (
					"$(inherited)",
					"@executable_path/Frameworks",
				);
				MARKETING_VERSION = 1.0;
				PRODUCT_BUNDLE_IDENTIFIER = "com.dalewood.ShamRock-it";
				PRODUCT_NAME = "$(TARGET_NAME)";
				SWIFT_EMIT_LOC_STRINGS = YES;
				SWIFT_VERSION = 5.0;
				TARGETED_DEVICE_FAMILY = "1,2";
			};
			name = Release;
		};
		2D3DA0EA2B9BFB3500C1AA08 /* Debug */ = {
			isa = XCBuildConfiguration;
			buildSettings = {
				ALWAYS_EMBED_SWIFT_STANDARD_LIBRARIES = YES;
				BUNDLE_LOADER = "$(TEST_HOST)";
				CODE_SIGN_STYLE = Automatic;
				CURRENT_PROJECT_VERSION = 1;
				DEVELOPMENT_TEAM = D6RQ448SYV;
				GENERATE_INFOPLIST_FILE = YES;
				IPHONEOS_DEPLOYMENT_TARGET = 17.2;
				MARKETING_VERSION = 1.0;
				PRODUCT_BUNDLE_IDENTIFIER = "com.dalewood.ShamRock-itTests";
				PRODUCT_NAME = "$(TARGET_NAME)";
				SWIFT_EMIT_LOC_STRINGS = NO;
				SWIFT_VERSION = 5.0;
				TARGETED_DEVICE_FAMILY = "1,2";
				TEST_HOST = "$(BUILT_PRODUCTS_DIR)/ShamRock-it.app/$(BUNDLE_EXECUTABLE_FOLDER_PATH)/ShamRock-it";
			};
			name = Debug;
		};
		2D3DA0EB2B9BFB3500C1AA08 /* Release */ = {
			isa = XCBuildConfiguration;
			buildSettings = {
				ALWAYS_EMBED_SWIFT_STANDARD_LIBRARIES = YES;
				BUNDLE_LOADER = "$(TEST_HOST)";
				CODE_SIGN_STYLE = Automatic;
				CURRENT_PROJECT_VERSION = 1;
				DEVELOPMENT_TEAM = D6RQ448SYV;
				GENERATE_INFOPLIST_FILE = YES;
				IPHONEOS_DEPLOYMENT_TARGET = 17.2;
				MARKETING_VERSION = 1.0;
				PRODUCT_BUNDLE_IDENTIFIER = "com.dalewood.ShamRock-itTests";
				PRODUCT_NAME = "$(TARGET_NAME)";
				SWIFT_EMIT_LOC_STRINGS = NO;
				SWIFT_VERSION = 5.0;
				TARGETED_DEVICE_FAMILY = "1,2";
				TEST_HOST = "$(BUILT_PRODUCTS_DIR)/ShamRock-it.app/$(BUNDLE_EXECUTABLE_FOLDER_PATH)/ShamRock-it";
			};
			name = Release;
		};
		2D3DA0ED2B9BFB3500C1AA08 /* Debug */ = {
			isa = XCBuildConfiguration;
			buildSettings = {
				ALWAYS_EMBED_SWIFT_STANDARD_LIBRARIES = YES;
				CODE_SIGN_STYLE = Automatic;
				CURRENT_PROJECT_VERSION = 1;
				DEVELOPMENT_TEAM = D6RQ448SYV;
				GENERATE_INFOPLIST_FILE = YES;
				MARKETING_VERSION = 1.0;
				PRODUCT_BUNDLE_IDENTIFIER = "com.dalewood.ShamRock-itUITests";
				PRODUCT_NAME = "$(TARGET_NAME)";
				SWIFT_EMIT_LOC_STRINGS = NO;
				SWIFT_VERSION = 5.0;
				TARGETED_DEVICE_FAMILY = "1,2";
				TEST_TARGET_NAME = "ShamRock-it";
			};
			name = Debug;
		};
		2D3DA0EE2B9BFB3500C1AA08 /* Release */ = {
			isa = XCBuildConfiguration;
			buildSettings = {
				ALWAYS_EMBED_SWIFT_STANDARD_LIBRARIES = YES;
				CODE_SIGN_STYLE = Automatic;
				CURRENT_PROJECT_VERSION = 1;
				DEVELOPMENT_TEAM = D6RQ448SYV;
				GENERATE_INFOPLIST_FILE = YES;
				MARKETING_VERSION = 1.0;
				PRODUCT_BUNDLE_IDENTIFIER = "com.dalewood.ShamRock-itUITests";
				PRODUCT_NAME = "$(TARGET_NAME)";
				SWIFT_EMIT_LOC_STRINGS = NO;
				SWIFT_VERSION = 5.0;
				TARGETED_DEVICE_FAMILY = "1,2";
				TEST_TARGET_NAME = "ShamRock-it";
			};
			name = Release;
		};
/* End XCBuildConfiguration section */

/* Begin XCConfigurationList section */
		2D3DA0BD2B9BFB3100C1AA08 /* Build configuration list for PBXProject "ShamRock-it" */ = {
			isa = XCConfigurationList;
			buildConfigurations = (
				2D3DA0E42B9BFB3500C1AA08 /* Debug */,
				2D3DA0E52B9BFB3500C1AA08 /* Release */,
			);
			defaultConfigurationIsVisible = 0;
			defaultConfigurationName = Release;
		};
		2D3DA0E62B9BFB3500C1AA08 /* Build configuration list for PBXNativeTarget "ShamRock-it" */ = {
			isa = XCConfigurationList;
			buildConfigurations = (
				2D3DA0E72B9BFB3500C1AA08 /* Debug */,
				2D3DA0E82B9BFB3500C1AA08 /* Release */,
			);
			defaultConfigurationIsVisible = 0;
			defaultConfigurationName = Release;
		};
		2D3DA0E92B9BFB3500C1AA08 /* Build configuration list for PBXNativeTarget "ShamRock-itTests" */ = {
			isa = XCConfigurationList;
			buildConfigurations = (
				2D3DA0EA2B9BFB3500C1AA08 /* Debug */,
				2D3DA0EB2B9BFB3500C1AA08 /* Release */,
			);
			defaultConfigurationIsVisible = 0;
			defaultConfigurationName = Release;
		};
		2D3DA0EC2B9BFB3500C1AA08 /* Build configuration list for PBXNativeTarget "ShamRock-itUITests" */ = {
			isa = XCConfigurationList;
			buildConfigurations = (
				2D3DA0ED2B9BFB3500C1AA08 /* Debug */,
				2D3DA0EE2B9BFB3500C1AA08 /* Release */,
			);
			defaultConfigurationIsVisible = 0;
			defaultConfigurationName = Release;
		};
/* End XCConfigurationList section */
	};
	rootObject = 2D3DA0BA2B9BFB3100C1AA08 /* Project object */;
}
